<?xml version="1.0" encoding="utf-8"?>
<Project ToolsVersion="4.0" xmlns="http://schemas.microsoft.com/developer/msbuild/2003">
  <ItemGroup>
    <Filter Include="Source Files">
      <UniqueIdentifier>{4FC737F1-C7A5-4376-A066-2A32D752A2FF}</UniqueIdentifier>
      <Extensions>cpp;c;cc;cxx;c++;def;odl;idl;hpj;bat;asm;asmx</Extensions>
    </Filter>
    <Filter Include="Header Files">
      <UniqueIdentifier>{93995380-89BD-4b04-88EB-625FBE52EBFB}</UniqueIdentifier>
      <Extensions>h;hh;hpp;hxx;h++;hm;inl;inc;ipp;xsd</Extensions>
    </Filter>
    <Filter Include="Resource Files">
      <UniqueIdentifier>{67DA6AB6-F800-4c08-8B7A-83BB121AAD01}</UniqueIdentifier>
      <Extensions>rc;ico;cur;bmp;dlg;rc2;rct;bin;rgs;gif;jpg;jpeg;jpe;resx;tiff;tif;png;wav;mfcribbon-ms</Extensions>
    </Filter>
  </ItemGroup>
  <ItemGroup>
    <ClInclude Include="framework.h">
      <Filter>Header Files</Filter>
    </ClInclude>
    <ClInclude Include="QuartRender.h">
      <Filter>Header Files</Filter>
    </ClInclude>
    <ClInclude Include="src\vendor\PNGLoader(stb_image)\stb_image.h">
      <Filter>Header Files</Filter>
    </ClInclude>
    <ClInclude Include="src\core\ErrorLog.h">
      <Filter>Header Files</Filter>
    </ClInclude>
    <ClInclude Include="src\core\IndexBuffer.h">
      <Filter>Header Files</Filter>
    </ClInclude>
    <ClInclude Include="src\core\ShaderProgram.h">
      <Filter>Header Files</Filter>
    </ClInclude>
    <ClInclude Include="src\core\Texture.h">
      <Filter>Header Files</Filter>
    </ClInclude>
    <ClInclude Include="src\core\utilsGL.h">
      <Filter>Header Files</Filter>
    </ClInclude>
    <ClInclude Include="src\core\VertexArray.h">
      <Filter>Header Files</Filter>
    </ClInclude>
    <ClInclude Include="src\core\VertexBuffer.h">
      <Filter>Header Files</Filter>
    </ClInclude>
    <ClInclude Include="src\core\renderers\OnScreenRenderer.h">
      <Filter>Header Files</Filter>
    </ClInclude>
    <ClInclude Include="src\core\renderers\Renderer.h">
      <Filter>Header Files</Filter>
    </ClInclude>
    <ClInclude Include="src\core\renderers\RendererThreadManager.h">
      <Filter>Header Files</Filter>
    </ClInclude>
    <ClInclude Include="src\core\renderers\IRenderer.h">
      <Filter>Header Files</Filter>
    </ClInclude>
    <ClInclude Include="src\core\generic utils\IUniquelyIdentifiable.h">
      <Filter>Header Files</Filter>
    </ClInclude>
    <ClInclude Include="src\core\renderers\OnScreenRendererIMGUI.h">
      <Filter>Header Files</Filter>
    </ClInclude>
    <ClInclude Include="src\core\renderers\IWindowedRenderer.h">
      <Filter>Header Files</Filter>
    </ClInclude>
    <ClInclude Include="src\core\drawables\IDrawable.h">
      <Filter>Header Files</Filter>
    </ClInclude>
    <ClInclude Include="src\test\TestDrawable.h">
      <Filter>Header Files</Filter>
    </ClInclude>
    <ClInclude Include="src\test\TestDrawableFactory.h">
      <Filter>Header Files</Filter>
    </ClInclude>
    <ClInclude Include="src\core\drawables\factories\IDrawableFactory.h">
      <Filter>Header Files</Filter>
    </ClInclude>
    <ClInclude Include="src\test\IUniquelyIdentifiableTest.h">
      <Filter>Header Files</Filter>
    </ClInclude>
    <ClInclude Include="quartRenderDLLImplUtils.h">
      <Filter>Header Files</Filter>
    </ClInclude>
    <ClInclude Include="src\core\input\InputManager.h">
      <Filter>Header Files</Filter>
    </ClInclude>
    <ClInclude Include="src\core\input\inputStructs.h">
      <Filter>Header Files</Filter>
    </ClInclude>
    <ClInclude Include="src\core\drawables\DrawDataStructs.h">
      <Filter>Header Files</Filter>
    </ClInclude>
    <ClInclude Include="src\vendor\imgui\imconfig.h">
      <Filter>Header Files</Filter>
    </ClInclude>
    <ClInclude Include="src\vendor\imgui\imgui.h">
      <Filter>Header Files</Filter>
    </ClInclude>
    <ClInclude Include="src\vendor\imgui\imgui_internal.h">
      <Filter>Header Files</Filter>
    </ClInclude>
    <ClInclude Include="src\vendor\imgui\imstb_rectpack.h">
      <Filter>Header Files</Filter>
    </ClInclude>
    <ClInclude Include="src\vendor\imgui\imstb_textedit.h">
      <Filter>Header Files</Filter>
    </ClInclude>
    <ClInclude Include="src\vendor\imgui\imstb_truetype.h">
      <Filter>Header Files</Filter>
    </ClInclude>
    <ClInclude Include="src\vendor\imgui\imgui_impl_glfw.h">
      <Filter>Header Files</Filter>
    </ClInclude>
    <ClInclude Include="src\vendor\imgui\imgui_impl_opengl3.h">
      <Filter>Header Files</Filter>
    </ClInclude>
    <ClInclude Include="cimgui\cimgui.h">
      <Filter>Header Files</Filter>
    </ClInclude>
    <ClInclude Include="src\core\drawables\DrawableFactoryManager.h">
      <Filter>Header Files</Filter>
    </ClInclude>
    <ClInclude Include="src\core\drawables\drawable classes\PlanetDrawable.h">
      <Filter>Header Files</Filter>
    </ClInclude>
    <ClInclude Include="src\core\drawables\factories\PlanetDrawableFactory.h">
      <Filter>Header Files</Filter>
    </ClInclude>
    <ClInclude Include="src\core\input\IClickableDrawableManager.h">
      <Filter>Header Files</Filter>
    </ClInclude>
    <ClInclude Include="src\core\drawables\factories\IClickableDrawableFactory.h">
      <Filter>Header Files</Filter>
    </ClInclude>
    <ClInclude Include="src\core\drawables\DrawableVariationUnion.h">
      <Filter>Header Files</Filter>
    </ClInclude>
    <ClInclude Include="src\core\DrawUtils.h">
      <Filter>Header Files</Filter>
    </ClInclude>
    <ClInclude Include="src\test\TestCubeDrawable.h">
      <Filter>Header Files</Filter>
    </ClInclude>
    <ClInclude Include="src\test\TestCubeDrawableFactory.h">
      <Filter>Header Files</Filter>
    </ClInclude>
    <ClInclude Include="src\core\DrawImplUtils.h">
      <Filter>Header Files</Filter>
    </ClInclude>
    <ClInclude Include="src\test\3DWindowTest.h">
      <Filter>Header Files</Filter>
    </ClInclude>
    <ClInclude Include="src\test\own3DTest.h">
      <Filter>Header Files</Filter>
    </ClInclude>
  </ItemGroup>
  <ItemGroup>
    <ClCompile Include="dllmain.cpp">
      <Filter>Source Files</Filter>
    </ClCompile>
    <ClCompile Include="QuartRender.cpp">
      <Filter>Source Files</Filter>
    </ClCompile>
    <ClCompile Include="src\vendor\PNGLoader(stb_image)\stb_image.cpp">
      <Filter>Source Files</Filter>
    </ClCompile>
    <ClCompile Include="src\core\app.cpp">
      <Filter>Source Files</Filter>
    </ClCompile>
    <ClCompile Include="src\core\ErrorLog.cpp">
      <Filter>Source Files</Filter>
    </ClCompile>
    <ClCompile Include="src\core\IndexBuffer.cpp">
      <Filter>Source Files</Filter>
    </ClCompile>
    <ClCompile Include="src\core\ShaderProgram.cpp">
      <Filter>Source Files</Filter>
    </ClCompile>
    <ClCompile Include="src\core\Texture.cpp">
      <Filter>Source Files</Filter>
    </ClCompile>
    <ClCompile Include="src\core\VertexArray.cpp">
      <Filter>Source Files</Filter>
    </ClCompile>
    <ClCompile Include="src\core\VertexBuffer.cpp">
      <Filter>Source Files</Filter>
    </ClCompile>
    <ClCompile Include="src\core\renderers\OnScreenRenderer.cpp">
      <Filter>Source Files</Filter>
    </ClCompile>
    <ClCompile Include="src\core\renderers\Renderer.cpp">
      <Filter>Source Files</Filter>
    </ClCompile>
    <ClCompile Include="src\core\renderers\RendererThreadManager.cpp">
      <Filter>Source Files</Filter>
    </ClCompile>
    <ClCompile Include="src\core\renderers\IRenderer.cpp">
      <Filter>Source Files</Filter>
    </ClCompile>
    <ClCompile Include="src\core\generic utils\IUniquelyIdentifiable.cpp">
      <Filter>Source Files</Filter>
    </ClCompile>
    <ClCompile Include="src\core\renderers\OnScreenRendererIMGUI.cpp">
      <Filter>Source Files</Filter>
    </ClCompile>
    <ClCompile Include="src\core\renderers\IWindowedRenderer.cpp">
      <Filter>Source Files</Filter>
    </ClCompile>
    <ClCompile Include="src\core\drawables\IDrawable.cpp">
      <Filter>Source Files</Filter>
    </ClCompile>
    <ClCompile Include="src\test\TestDrawable.cpp">
      <Filter>Source Files</Filter>
    </ClCompile>
    <ClCompile Include="src\test\TestDrawableFactory.cpp">
      <Filter>Source Files</Filter>
    </ClCompile>
    <ClCompile Include="src\core\drawables\factories\IDrawableFactory.cpp">
      <Filter>Source Files</Filter>
    </ClCompile>
    <ClCompile Include="src\core\input\InputManager.cpp">
      <Filter>Source Files</Filter>
    </ClCompile>
    <ClCompile Include="src\vendor\imgui\imgui.cpp">
      <Filter>Source Files</Filter>
    </ClCompile>
    <ClCompile Include="src\vendor\imgui\imgui_demo.cpp">
      <Filter>Source Files</Filter>
    </ClCompile>
    <ClCompile Include="src\vendor\imgui\imgui_draw.cpp">
      <Filter>Source Files</Filter>
    </ClCompile>
    <ClCompile Include="src\vendor\imgui\imgui_widgets.cpp">
      <Filter>Source Files</Filter>
    </ClCompile>
    <ClCompile Include="src\vendor\imgui\imgui_impl_glfw.cpp">
      <Filter>Source Files</Filter>
    </ClCompile>
    <ClCompile Include="src\vendor\imgui\imgui_impl_opengl3.cpp">
      <Filter>Source Files</Filter>
    </ClCompile>
    <ClCompile Include="cimgui\cimgui.cpp">
      <Filter>Source Files</Filter>
    </ClCompile>
    <ClCompile Include="QuartRender_testImpl.cpp">
      <Filter>Source Files</Filter>
    </ClCompile>
    <ClCompile Include="src\core\drawables\DrawableFactoryManager.cpp">
      <Filter>Source Files</Filter>
    </ClCompile>
    <ClCompile Include="src\core\drawables\drawable classes\PlanetDrawable.cpp">
      <Filter>Source Files</Filter>
    </ClCompile>
    <ClCompile Include="src\core\drawables\factories\PlanetDrawableFactory.cpp">
      <Filter>Source Files</Filter>
    </ClCompile>
    <ClCompile Include="src\core\input\IClickableDrawableManager.cpp">
      <Filter>Source Files</Filter>
    </ClCompile>
    <ClCompile Include="src\core\drawables\factories\IClickableDrawableFactory.cpp">
      <Filter>Source Files</Filter>
    </ClCompile>
    <ClCompile Include="src\core\drawables\DrawDataStructs.cpp">
      <Filter>Source Files</Filter>
    </ClCompile>
    <ClCompile Include="src\test\TestCubeDrawable.cpp">
      <Filter>Source Files</Filter>
    </ClCompile>
    <ClCompile Include="src\test\TestCubeDrawableFactory.cpp">
      <Filter>Source Files</Filter>
    </ClCompile>
  </ItemGroup>
  <ItemGroup>
    <Image Include="render_res\tex\cryo_area_1.png">
      <Filter>Resource Files</Filter>
    </Image>
  </ItemGroup>
  <ItemGroup>
    <None Include="render_res\shaders\testFrag.glsl" />
    <None Include="render_res\shaders\testVert.glsl" />
    <None Include="render_res\shaders\flatTestVert.glsl" />
    <None Include="render_res\shaders\flatTestFrag.glsl" />
    <None Include="render_res\shaders\cubeFrag.glsl" />
    <None Include="render_res\shaders\cubeVert.glsl" />
  </ItemGroup>
  <ItemGroup>
    <Text Include="IMGUI_LICENSE.txt" />
    <Text Include="src\vendor\imgui\LICENSE.txt" />
    <Text Include="cimgui\LICENSE.txt" />
    <Text Include="CIMGUI_LICENSE.txt" />
    <Text Include="STB_LICENSE.txt" />
    <Text Include="src\vendor\PNGLoader%28stb_image%29\LICENSE.txt" />
    <Text Include="TODO.txt" />
  </ItemGroup>
</Project>